// !$*UTF8*$!
{
	archiveVersion = 1;
	classes = {
	};
	objectVersion = 50;
	objects = {

/* Begin PBXBuildFile section */
		C91299FF25FE325D00FBCF00 /* BooksViewController.swift in Sources */ = {isa = PBXBuildFile; fileRef = C91299FE25FE325D00FBCF00 /* BooksViewController.swift */; };
		C9129A0525FE379F00FBCF00 /* BooksList.txt in Resources */ = {isa = PBXBuildFile; fileRef = C9129A0325FE379F00FBCF00 /* BooksList.txt */; };
		C9129A1125FE37B800FBCF00 /* Image_03.png in Resources */ = {isa = PBXBuildFile; fileRef = C9129A0925FE37B700FBCF00 /* Image_03.png */; };
		C9129A1225FE37B800FBCF00 /* Image_08.png in Resources */ = {isa = PBXBuildFile; fileRef = C9129A0A25FE37B700FBCF00 /* Image_08.png */; };
		C9129A1325FE37B800FBCF00 /* Image_06.png in Resources */ = {isa = PBXBuildFile; fileRef = C9129A0B25FE37B700FBCF00 /* Image_06.png */; };
		C9129A1425FE37B800FBCF00 /* Image_02.png in Resources */ = {isa = PBXBuildFile; fileRef = C9129A0C25FE37B700FBCF00 /* Image_02.png */; };
		C9129A1525FE37B800FBCF00 /* Image_10.png in Resources */ = {isa = PBXBuildFile; fileRef = C9129A0D25FE37B700FBCF00 /* Image_10.png */; };
		C9129A1625FE37B800FBCF00 /* Image_01.png in Resources */ = {isa = PBXBuildFile; fileRef = C9129A0E25FE37B800FBCF00 /* Image_01.png */; };
		C9129A1725FE37B800FBCF00 /* Image_07.png in Resources */ = {isa = PBXBuildFile; fileRef = C9129A0F25FE37B800FBCF00 /* Image_07.png */; };
		C9129A1825FE37B800FBCF00 /* Image_05.png in Resources */ = {isa = PBXBuildFile; fileRef = C9129A1025FE37B800FBCF00 /* Image_05.png */; };
		C9129A1F25FE38E100FBCF00 /* Book.swift in Sources */ = {isa = PBXBuildFile; fileRef = C9129A1E25FE38E100FBCF00 /* Book.swift */; };
		C9129A2725FE596800FBCF00 /* BookTableViewCell.swift in Sources */ = {isa = PBXBuildFile; fileRef = C9129A2525FE596800FBCF00 /* BookTableViewCell.swift */; };
		C9129A2825FE596800FBCF00 /* BookTableViewCell.xib in Resources */ = {isa = PBXBuildFile; fileRef = C9129A2625FE596800FBCF00 /* BookTableViewCell.xib */; };
		C9252B2D25D1958C009E6C1B /* AppDelegate.swift in Sources */ = {isa = PBXBuildFile; fileRef = C9252B2C25D1958C009E6C1B /* AppDelegate.swift */; };
		C9252B2F25D1958C009E6C1B /* SceneDelegate.swift in Sources */ = {isa = PBXBuildFile; fileRef = C9252B2E25D1958C009E6C1B /* SceneDelegate.swift */; };
		C9252B3125D1958C009E6C1B /* PersonalViewController.swift in Sources */ = {isa = PBXBuildFile; fileRef = C9252B3025D1958C009E6C1B /* PersonalViewController.swift */; };
		C9252B3425D1958C009E6C1B /* Main.storyboard in Resources */ = {isa = PBXBuildFile; fileRef = C9252B3225D1958C009E6C1B /* Main.storyboard */; };
		C9252B3925D19591009E6C1B /* LaunchScreen.storyboard in Resources */ = {isa = PBXBuildFile; fileRef = C9252B3725D19591009E6C1B /* LaunchScreen.storyboard */; };
		C9252B4225D19621009E6C1B /* Assets.xcassets in Resources */ = {isa = PBXBuildFile; fileRef = C9252B4125D19621009E6C1B /* Assets.xcassets */; };
		C9D8F61F25E2C1C100D0DDF9 /* PaintViewController.swift in Sources */ = {isa = PBXBuildFile; fileRef = C9D8F61E25E2C1C100D0DDF9 /* PaintViewController.swift */; };
		C9D8F62A25E2C94200D0DDF9 /* GraphicView.swift in Sources */ = {isa = PBXBuildFile; fileRef = C9D8F62925E2C94200D0DDF9 /* GraphicView.swift */; };
		C9D8F62D25E2C94E00D0DDF9 /* PieChartView.swift in Sources */ = {isa = PBXBuildFile; fileRef = C9D8F62C25E2C94E00D0DDF9 /* PieChartView.swift */; };
/* End PBXBuildFile section */

/* Begin PBXFileReference section */
		C91299FE25FE325D00FBCF00 /* BooksViewController.swift */ = {isa = PBXFileReference; lastKnownFileType = sourcecode.swift; path = BooksViewController.swift; sourceTree = "<group>"; };
		C9129A0325FE379F00FBCF00 /* BooksList.txt */ = {isa = PBXFileReference; fileEncoding = 4; lastKnownFileType = text; path = BooksList.txt; sourceTree = "<group>"; };
		C9129A0925FE37B700FBCF00 /* Image_03.png */ = {isa = PBXFileReference; lastKnownFileType = image.png; path = Image_03.png; sourceTree = "<group>"; };
		C9129A0A25FE37B700FBCF00 /* Image_08.png */ = {isa = PBXFileReference; lastKnownFileType = image.png; path = Image_08.png; sourceTree = "<group>"; };
		C9129A0B25FE37B700FBCF00 /* Image_06.png */ = {isa = PBXFileReference; lastKnownFileType = image.png; path = Image_06.png; sourceTree = "<group>"; };
		C9129A0C25FE37B700FBCF00 /* Image_02.png */ = {isa = PBXFileReference; lastKnownFileType = image.png; path = Image_02.png; sourceTree = "<group>"; };
		C9129A0D25FE37B700FBCF00 /* Image_10.png */ = {isa = PBXFileReference; lastKnownFileType = image.png; path = Image_10.png; sourceTree = "<group>"; };
		C9129A0E25FE37B800FBCF00 /* Image_01.png */ = {isa = PBXFileReference; lastKnownFileType = image.png; path = Image_01.png; sourceTree = "<group>"; };
		C9129A0F25FE37B800FBCF00 /* Image_07.png */ = {isa = PBXFileReference; lastKnownFileType = image.png; path = Image_07.png; sourceTree = "<group>"; };
		C9129A1025FE37B800FBCF00 /* Image_05.png */ = {isa = PBXFileReference; lastKnownFileType = image.png; path = Image_05.png; sourceTree = "<group>"; };
		C9129A1E25FE38E100FBCF00 /* Book.swift */ = {isa = PBXFileReference; lastKnownFileType = sourcecode.swift; path = Book.swift; sourceTree = "<group>"; };
		C9129A2525FE596800FBCF00 /* BookTableViewCell.swift */ = {isa = PBXFileReference; lastKnownFileType = sourcecode.swift; path = BookTableViewCell.swift; sourceTree = "<group>"; };
		C9129A2625FE596800FBCF00 /* BookTableViewCell.xib */ = {isa = PBXFileReference; lastKnownFileType = file.xib; path = BookTableViewCell.xib; sourceTree = "<group>"; };
		C9252B2925D1958C009E6C1B /* MobileSystemProgramming.app */ = {isa = PBXFileReference; explicitFileType = wrapper.application; includeInIndex = 0; path = MobileSystemProgramming.app; sourceTree = BUILT_PRODUCTS_DIR; };
		C9252B2C25D1958C009E6C1B /* AppDelegate.swift */ = {isa = PBXFileReference; lastKnownFileType = sourcecode.swift; path = AppDelegate.swift; sourceTree = "<group>"; };
		C9252B2E25D1958C009E6C1B /* SceneDelegate.swift */ = {isa = PBXFileReference; lastKnownFileType = sourcecode.swift; path = SceneDelegate.swift; sourceTree = "<group>"; };
		C9252B3025D1958C009E6C1B /* PersonalViewController.swift */ = {isa = PBXFileReference; lastKnownFileType = sourcecode.swift; path = PersonalViewController.swift; sourceTree = "<group>"; };
		C9252B3325D1958C009E6C1B /* Base */ = {isa = PBXFileReference; lastKnownFileType = file.storyboard; name = Base; path = Base.lproj/Main.storyboard; sourceTree = "<group>"; };
		C9252B3825D19591009E6C1B /* Base */ = {isa = PBXFileReference; lastKnownFileType = file.storyboard; name = Base; path = Base.lproj/LaunchScreen.storyboard; sourceTree = "<group>"; };
		C9252B3A25D19591009E6C1B /* Info.plist */ = {isa = PBXFileReference; lastKnownFileType = text.plist.xml; path = Info.plist; sourceTree = "<group>"; };
		C9252B4125D19621009E6C1B /* Assets.xcassets */ = {isa = PBXFileReference; lastKnownFileType = folder.assetcatalog; name = Assets.xcassets; path = AppIcons/Assets.xcassets; sourceTree = "<group>"; };
		C9D8F61E25E2C1C100D0DDF9 /* PaintViewController.swift */ = {isa = PBXFileReference; lastKnownFileType = sourcecode.swift; path = PaintViewController.swift; sourceTree = "<group>"; };
		C9D8F62925E2C94200D0DDF9 /* GraphicView.swift */ = {isa = PBXFileReference; lastKnownFileType = sourcecode.swift; path = GraphicView.swift; sourceTree = "<group>"; };
		C9D8F62C25E2C94E00D0DDF9 /* PieChartView.swift */ = {isa = PBXFileReference; lastKnownFileType = sourcecode.swift; path = PieChartView.swift; sourceTree = "<group>"; };
/* End PBXFileReference section */

/* Begin PBXFrameworksBuildPhase section */
		C9252B2625D1958C009E6C1B /* Frameworks */ = {
			isa = PBXFrameworksBuildPhase;
			buildActionMask = 2147483647;
			files = (
			);
			runOnlyForDeploymentPostprocessing = 0;
		};
/* End PBXFrameworksBuildPhase section */

/* Begin PBXGroup section */
		C91299FD25FE322C00FBCF00 /* BooksViewController */ = {
			isa = PBXGroup;
			children = (
				C91299FE25FE325D00FBCF00 /* BooksViewController.swift */,
			);
			path = BooksViewController;
			sourceTree = "<group>";
		};
		C9129A0225FE378700FBCF00 /* Resources */ = {
			isa = PBXGroup;
			children = (
				C9129A0825FE37AA00FBCF00 /* New Group */,
				C9129A0325FE379F00FBCF00 /* BooksList.txt */,
			);
			path = Resources;
			sourceTree = "<group>";
		};
		C9129A0825FE37AA00FBCF00 /* New Group */ = {
			isa = PBXGroup;
			children = (
				C9129A0E25FE37B800FBCF00 /* Image_01.png */,
				C9129A0C25FE37B700FBCF00 /* Image_02.png */,
				C9129A0925FE37B700FBCF00 /* Image_03.png */,
				C9129A1025FE37B800FBCF00 /* Image_05.png */,
				C9129A0B25FE37B700FBCF00 /* Image_06.png */,
				C9129A0F25FE37B800FBCF00 /* Image_07.png */,
				C9129A0A25FE37B700FBCF00 /* Image_08.png */,
				C9129A0D25FE37B700FBCF00 /* Image_10.png */,
			);
			path = "New Group";
			sourceTree = "<group>";
		};
		C9129A1C25FE38A200FBCF00 /* Source */ = {
			isa = PBXGroup;
			children = (
				C9129A2325FE591700FBCF00 /* Views */,
				C9129A1D25FE38B500FBCF00 /* Models */,
				C9D8F62125E2C84600D0DDF9 /* TabsViewControllers */,
			);
			path = Source;
			sourceTree = "<group>";
		};
		C9129A1D25FE38B500FBCF00 /* Models */ = {
			isa = PBXGroup;
			children = (
				C9129A1E25FE38E100FBCF00 /* Book.swift */,
			);
			path = Models;
			sourceTree = "<group>";
		};
		C9129A2325FE591700FBCF00 /* Views */ = {
			isa = PBXGroup;
			children = (
				C9129A2425FE593B00FBCF00 /* BookTableViewCell */,
				C9D8F62325E2C8E800D0DDF9 /* PaintViews */,
			);
			path = Views;
			sourceTree = "<group>";
		};
		C9129A2425FE593B00FBCF00 /* BookTableViewCell */ = {
			isa = PBXGroup;
			children = (
				C9129A2525FE596800FBCF00 /* BookTableViewCell.swift */,
				C9129A2625FE596800FBCF00 /* BookTableViewCell.xib */,
			);
			path = BookTableViewCell;
			sourceTree = "<group>";
		};
		C9252B2025D1958C009E6C1B = {
			isa = PBXGroup;
			children = (
				C9252B2B25D1958C009E6C1B /* MobileSystemProgramming */,
				C9252B2A25D1958C009E6C1B /* Products */,
			);
			sourceTree = "<group>";
		};
		C9252B2A25D1958C009E6C1B /* Products */ = {
			isa = PBXGroup;
			children = (
				C9252B2925D1958C009E6C1B /* MobileSystemProgramming.app */,
			);
			name = Products;
			sourceTree = "<group>";
		};
		C9252B2B25D1958C009E6C1B /* MobileSystemProgramming */ = {
			isa = PBXGroup;
			children = (
				C9129A1C25FE38A200FBCF00 /* Source */,
				C9129A0225FE378700FBCF00 /* Resources */,
				C9252B2C25D1958C009E6C1B /* AppDelegate.swift */,
				C9252B2E25D1958C009E6C1B /* SceneDelegate.swift */,
				C9252B3225D1958C009E6C1B /* Main.storyboard */,
				C9252B4125D19621009E6C1B /* Assets.xcassets */,
				C9252B3725D19591009E6C1B /* LaunchScreen.storyboard */,
				C9252B3A25D19591009E6C1B /* Info.plist */,
			);
			path = MobileSystemProgramming;
			sourceTree = "<group>";
		};
		C9D8F62125E2C84600D0DDF9 /* TabsViewControllers */ = {
			isa = PBXGroup;
			children = (
				C91299FD25FE322C00FBCF00 /* BooksViewController */,
				C9D8F63125E2D30B00D0DDF9 /* PersonalViewController */,
				C9D8F63025E2D2F100D0DDF9 /* PaintViewController */,
			);
			path = TabsViewControllers;
			sourceTree = "<group>";
		};
		C9D8F62325E2C8E800D0DDF9 /* PaintViews */ = {
			isa = PBXGroup;
			children = (
				C9D8F62925E2C94200D0DDF9 /* GraphicView.swift */,
				C9D8F62C25E2C94E00D0DDF9 /* PieChartView.swift */,
			);
			path = PaintViews;
			sourceTree = "<group>";
		};
		C9D8F63025E2D2F100D0DDF9 /* PaintViewController */ = {
			isa = PBXGroup;
			children = (
				C9D8F61E25E2C1C100D0DDF9 /* PaintViewController.swift */,
			);
			path = PaintViewController;
			sourceTree = "<group>";
		};
		C9D8F63125E2D30B00D0DDF9 /* PersonalViewController */ = {
			isa = PBXGroup;
			children = (
				C9252B3025D1958C009E6C1B /* PersonalViewController.swift */,
			);
			path = PersonalViewController;
			sourceTree = "<group>";
		};
/* End PBXGroup section */

/* Begin PBXNativeTarget section */
		C9252B2825D1958C009E6C1B /* MobileSystemProgramming */ = {
			isa = PBXNativeTarget;
			buildConfigurationList = C9252B3D25D19591009E6C1B /* Build configuration list for PBXNativeTarget "MobileSystemProgramming" */;
			buildPhases = (
				C9252B2525D1958C009E6C1B /* Sources */,
				C9252B2625D1958C009E6C1B /* Frameworks */,
				C9252B2725D1958C009E6C1B /* Resources */,
			);
			buildRules = (
			);
			dependencies = (
			);
			name = MobileSystemProgramming;
			productName = MobileSystemProgramming;
			productReference = C9252B2925D1958C009E6C1B /* MobileSystemProgramming.app */;
			productType = "com.apple.product-type.application";
		};
/* End PBXNativeTarget section */

/* Begin PBXProject section */
		C9252B2125D1958C009E6C1B /* Project object */ = {
			isa = PBXProject;
			attributes = {
				LastSwiftUpdateCheck = 1240;
				LastUpgradeCheck = 1240;
				TargetAttributes = {
					C9252B2825D1958C009E6C1B = {
						CreatedOnToolsVersion = 12.4;
					};
				};
			};
			buildConfigurationList = C9252B2425D1958C009E6C1B /* Build configuration list for PBXProject "MobileSystemProgramming" */;
			compatibilityVersion = "Xcode 9.3";
			developmentRegion = en;
			hasScannedForEncodings = 0;
			knownRegions = (
				en,
				Base,
			);
			mainGroup = C9252B2025D1958C009E6C1B;
			productRefGroup = C9252B2A25D1958C009E6C1B /* Products */;
			projectDirPath = "";
			projectRoot = "";
			targets = (
				C9252B2825D1958C009E6C1B /* MobileSystemProgramming */,
			);
		};
/* End PBXProject section */

/* Begin PBXResourcesBuildPhase section */
		C9252B2725D1958C009E6C1B /* Resources */ = {
			isa = PBXResourcesBuildPhase;
			buildActionMask = 2147483647;
			files = (
				C9129A1625FE37B800FBCF00 /* Image_01.png in Resources */,
				C9252B3925D19591009E6C1B /* LaunchScreen.storyboard in Resources */,
				C9129A1225FE37B800FBCF00 /* Image_08.png in Resources */,
				C9129A1125FE37B800FBCF00 /* Image_03.png in Resources */,
				C9129A0525FE379F00FBCF00 /* BooksList.txt in Resources */,
				C9129A2825FE596800FBCF00 /* BookTableViewCell.xib in Resources */,
				C9129A1825FE37B800FBCF00 /* Image_05.png in Resources */,
				C9129A1425FE37B800FBCF00 /* Image_02.png in Resources */,
				C9129A1525FE37B800FBCF00 /* Image_10.png in Resources */,
				C9129A1725FE37B800FBCF00 /* Image_07.png in Resources */,
				C9252B4225D19621009E6C1B /* Assets.xcassets in Resources */,
				C9252B3425D1958C009E6C1B /* Main.storyboard in Resources */,
				C9129A1325FE37B800FBCF00 /* Image_06.png in Resources */,
			);
			runOnlyForDeploymentPostprocessing = 0;
		};
/* End PBXResourcesBuildPhase section */

/* Begin PBXSourcesBuildPhase section */
		C9252B2525D1958C009E6C1B /* Sources */ = {
			isa = PBXSourcesBuildPhase;
			buildActionMask = 2147483647;
			files = (
				C9129A1F25FE38E100FBCF00 /* Book.swift in Sources */,
				C9252B3125D1958C009E6C1B /* PersonalViewController.swift in Sources */,
				C9D8F62D25E2C94E00D0DDF9 /* PieChartView.swift in Sources */,
				C91299FF25FE325D00FBCF00 /* BooksViewController.swift in Sources */,
				C9129A2725FE596800FBCF00 /* BookTableViewCell.swift in Sources */,
				C9252B2D25D1958C009E6C1B /* AppDelegate.swift in Sources */,
				C9252B2F25D1958C009E6C1B /* SceneDelegate.swift in Sources */,
				C9D8F62A25E2C94200D0DDF9 /* GraphicView.swift in Sources */,
				C9D8F61F25E2C1C100D0DDF9 /* PaintViewController.swift in Sources */,
			);
			runOnlyForDeploymentPostprocessing = 0;
		};
/* End PBXSourcesBuildPhase section */

/* Begin PBXVariantGroup section */
		C9252B3225D1958C009E6C1B /* Main.storyboard */ = {
			isa = PBXVariantGroup;
			children = (
				C9252B3325D1958C009E6C1B /* Base */,
			);
			name = Main.storyboard;
			sourceTree = "<group>";
		};
		C9252B3725D19591009E6C1B /* LaunchScreen.storyboard */ = {
			isa = PBXVariantGroup;
			children = (
				C9252B3825D19591009E6C1B /* Base */,
			);
			name = LaunchScreen.storyboard;
			sourceTree = "<group>";
		};
/* End PBXVariantGroup section */

/* Begin XCBuildConfiguration section */
		C9252B3B25D19591009E6C1B /* Debug */ = {
			isa = XCBuildConfiguration;
			buildSettings = {
				ALWAYS_SEARCH_USER_PATHS = NO;
				CLANG_ANALYZER_NONNULL = YES;
				CLANG_ANALYZER_NUMBER_OBJECT_CONVERSION = YES_AGGRESSIVE;
				CLANG_CXX_LANGUAGE_STANDARD = "gnu++14";
				CLANG_CXX_LIBRARY = "libc++";
				CLANG_ENABLE_MODULES = YES;
				CLANG_ENABLE_OBJC_ARC = YES;
				CLANG_ENABLE_OBJC_WEAK = YES;
				CLANG_WARN_BLOCK_CAPTURE_AUTORELEASING = YES;
				CLANG_WARN_BOOL_CONVERSION = YES;
				CLANG_WARN_COMMA = YES;
				CLANG_WARN_CONSTANT_CONVERSION = YES;
				CLANG_WARN_DEPRECATED_OBJC_IMPLEMENTATIONS = YES;
				CLANG_WARN_DIRECT_OBJC_ISA_USAGE = YES_ERROR;
				CLANG_WARN_DOCUMENTATION_COMMENTS = YES;
				CLANG_WARN_EMPTY_BODY = YES;
				CLANG_WARN_ENUM_CONVERSION = YES;
				CLANG_WARN_INFINITE_RECURSION = YES;
				CLANG_WARN_INT_CONVERSION = YES;
				CLANG_WARN_NON_LITERAL_NULL_CONVERSION = YES;
				CLANG_WARN_OBJC_IMPLICIT_RETAIN_SELF = YES;
				CLANG_WARN_OBJC_LITERAL_CONVERSION = YES;
				CLANG_WARN_OBJC_ROOT_CLASS = YES_ERROR;
				CLANG_WARN_QUOTED_INCLUDE_IN_FRAMEWORK_HEADER = YES;
				CLANG_WARN_RANGE_LOOP_ANALYSIS = YES;
				CLANG_WARN_STRICT_PROTOTYPES = YES;
				CLANG_WARN_SUSPICIOUS_MOVE = YES;
				CLANG_WARN_UNGUARDED_AVAILABILITY = YES_AGGRESSIVE;
				CLANG_WARN_UNREACHABLE_CODE = YES;
				CLANG_WARN__DUPLICATE_METHOD_MATCH = YES;
				COPY_PHASE_STRIP = NO;
				DEBUG_INFORMATION_FORMAT = dwarf;
				ENABLE_STRICT_OBJC_MSGSEND = YES;
				ENABLE_TESTABILITY = YES;
				GCC_C_LANGUAGE_STANDARD = gnu11;
				GCC_DYNAMIC_NO_PIC = NO;
				GCC_NO_COMMON_BLOCKS = YES;
				GCC_OPTIMIZATION_LEVEL = 0;
				GCC_PREPROCESSOR_DEFINITIONS = (
					"DEBUG=1",
					"$(inherited)",
				);
				GCC_WARN_64_TO_32_BIT_CONVERSION = YES;
				GCC_WARN_ABOUT_RETURN_TYPE = YES_ERROR;
				GCC_WARN_UNDECLARED_SELECTOR = YES;
				GCC_WARN_UNINITIALIZED_AUTOS = YES_AGGRESSIVE;
				GCC_WARN_UNUSED_FUNCTION = YES;
				GCC_WARN_UNUSED_VARIABLE = YES;
				IPHONEOS_DEPLOYMENT_TARGET = 14.4;
				MTL_ENABLE_DEBUG_INFO = INCLUDE_SOURCE;
				MTL_FAST_MATH = YES;
				ONLY_ACTIVE_ARCH = YES;
				SDKROOT = iphoneos;
				SWIFT_ACTIVE_COMPILATION_CONDITIONS = DEBUG;
				SWIFT_OPTIMIZATION_LEVEL = "-Onone";
			};
			name = Debug;
		};
		C9252B3C25D19591009E6C1B /* Release */ = {
			isa = XCBuildConfiguration;
			buildSettings = {
				ALWAYS_SEARCH_USER_PATHS = NO;
				CLANG_ANALYZER_NONNULL = YES;
				CLANG_ANALYZER_NUMBER_OBJECT_CONVERSION = YES_AGGRESSIVE;
				CLANG_CXX_LANGUAGE_STANDARD = "gnu++14";
				CLANG_CXX_LIBRARY = "libc++";
				CLANG_ENABLE_MODULES = YES;
				CLANG_ENABLE_OBJC_ARC = YES;
				CLANG_ENABLE_OBJC_WEAK = YES;
				CLANG_WARN_BLOCK_CAPTURE_AUTORELEASING = YES;
				CLANG_WARN_BOOL_CONVERSION = YES;
				CLANG_WARN_COMMA = YES;
				CLANG_WARN_CONSTANT_CONVERSION = YES;
				CLANG_WARN_DEPRECATED_OBJC_IMPLEMENTATIONS = YES;
				CLANG_WARN_DIRECT_OBJC_ISA_USAGE = YES_ERROR;
				CLANG_WARN_DOCUMENTATION_COMMENTS = YES;
				CLANG_WARN_EMPTY_BODY = YES;
				CLANG_WARN_ENUM_CONVERSION = YES;
				CLANG_WARN_INFINITE_RECURSION = YES;
				CLANG_WARN_INT_CONVERSION = YES;
				CLANG_WARN_NON_LITERAL_NULL_CONVERSION = YES;
				CLANG_WARN_OBJC_IMPLICIT_RETAIN_SELF = YES;
				CLANG_WARN_OBJC_LITERAL_CONVERSION = YES;
				CLANG_WARN_OBJC_ROOT_CLASS = YES_ERROR;
				CLANG_WARN_QUOTED_INCLUDE_IN_FRAMEWORK_HEADER = YES;
				CLANG_WARN_RANGE_LOOP_ANALYSIS = YES;
				CLANG_WARN_STRICT_PROTOTYPES = YES;
				CLANG_WARN_SUSPICIOUS_MOVE = YES;
				CLANG_WARN_UNGUARDED_AVAILABILITY = YES_AGGRESSIVE;
				CLANG_WARN_UNREACHABLE_CODE = YES;
				CLANG_WARN__DUPLICATE_METHOD_MATCH = YES;
				COPY_PHASE_STRIP = NO;
				DEBUG_INFORMATION_FORMAT = "dwarf-with-dsym";
				ENABLE_NS_ASSERTIONS = NO;
				ENABLE_STRICT_OBJC_MSGSEND = YES;
				GCC_C_LANGUAGE_STANDARD = gnu11;
				GCC_NO_COMMON_BLOCKS = YES;
				GCC_WARN_64_TO_32_BIT_CONVERSION = YES;
				GCC_WARN_ABOUT_RETURN_TYPE = YES_ERROR;
				GCC_WARN_UNDECLARED_SELECTOR = YES;
				GCC_WARN_UNINITIALIZED_AUTOS = YES_AGGRESSIVE;
				GCC_WARN_UNUSED_FUNCTION = YES;
				GCC_WARN_UNUSED_VARIABLE = YES;
				IPHONEOS_DEPLOYMENT_TARGET = 14.4;
				MTL_ENABLE_DEBUG_INFO = NO;
				MTL_FAST_MATH = YES;
				SDKROOT = iphoneos;
				SWIFT_COMPILATION_MODE = wholemodule;
				SWIFT_OPTIMIZATION_LEVEL = "-O";
				VALIDATE_PRODUCT = YES;
			};
			name = Release;
		};
		C9252B3E25D19591009E6C1B /* Debug */ = {
			isa = XCBuildConfiguration;
			buildSettings = {
				ASSETCATALOG_COMPILER_APPICON_NAME = AppIcon;
				ASSETCATALOG_COMPILER_GLOBAL_ACCENT_COLOR_NAME = AccentColor;
				CODE_SIGN_STYLE = Automatic;
				INFOPLIST_FILE = MobileSystemProgramming/Info.plist;
				LD_RUNPATH_SEARCH_PATHS = (
					"$(inherited)",
					"@executable_path/Frameworks",
				);
				PRODUCT_BUNDLE_IDENTIFIER = "ua.kpi.comsys.IV-8223.MobileSystemProgramming";
				PRODUCT_NAME = "$(TARGET_NAME)";
				SWIFT_VERSION = 5.0;
				TARGETED_DEVICE_FAMILY = "1,2";
			};
			name = Debug;
		};
		C9252B3F25D19591009E6C1B /* Release */ = {
			isa = XCBuildConfiguration;
			buildSettings = {
				ASSETCATALOG_COMPILER_APPICON_NAME = AppIcon;
				ASSETCATALOG_COMPILER_GLOBAL_ACCENT_COLOR_NAME = AccentColor;
				CODE_SIGN_STYLE = Automatic;
				INFOPLIST_FILE = MobileSystemProgramming/Info.plist;
				LD_RUNPATH_SEARCH_PATHS = (
					"$(inherited)",
					"@executable_path/Frameworks",
				);
				PRODUCT_BUNDLE_IDENTIFIER = "ua.kpi.comsys.IV-8223.MobileSystemProgramming";
				PRODUCT_NAME = "$(TARGET_NAME)";
				SWIFT_VERSION = 5.0;
				TARGETED_DEVICE_FAMILY = "1,2";
			};
			name = Release;
		};
/* End XCBuildConfiguration section */

/* Begin XCConfigurationList section */
		C9252B2425D1958C009E6C1B /* Build configuration list for PBXProject "MobileSystemProgramming" */ = {
			isa = XCConfigurationList;
			buildConfigurations = (
				C9252B3B25D19591009E6C1B /* Debug */,
				C9252B3C25D19591009E6C1B /* Release */,
			);
			defaultConfigurationIsVisible = 0;
			defaultConfigurationName = Release;
		};
		C9252B3D25D19591009E6C1B /* Build configuration list for PBXNativeTarget "MobileSystemProgramming" */ = {
			isa = XCConfigurationList;
			buildConfigurations = (
				C9252B3E25D19591009E6C1B /* Debug */,
				C9252B3F25D19591009E6C1B /* Release */,
			);
			defaultConfigurationIsVisible = 0;
			defaultConfigurationName = Release;
		};
/* End XCConfigurationList section */
	};
	rootObject = C9252B2125D1958C009E6C1B /* Project object */;
}
